
Microsoft Visual Studio Solution File, Format Version 12.00
# Visual Studio Version 17
VisualStudioVersion = 17.5.002.0
MinimumVisualStudioVersion = 10.0.40219.1
Project("{9A19103F-16F7-4668-BE54-9A1E7A4F7556}") = "ProjetoFinalVScode", "ProjetoFinalVScode.csproj", "{ECD5744E-1727-4EF4-B358-0012A1435228}"
EndProject
Global
	GlobalSection(SolutionConfigurationPlatforms) = preSolution
		Debug|Any CPU = Debug|Any CPU
		Release|Any CPU = Release|Any CPU
	EndGlobalSection
	GlobalSection(ProjectConfigurationPlatforms) = postSolution
		{ECD5744E-1727-4EF4-B358-0012A1435228}.Debug|Any CPU.ActiveCfg = Debug|Any CPU
		{ECD5744E-1727-4EF4-B358-0012A1435228}.Debug|Any CPU.Build.0 = Debug|Any CPU
		{ECD5744E-1727-4EF4-B358-0012A1435228}.Release|Any CPU.ActiveCfg = Release|Any CPU
		{ECD5744E-1727-4EF4-B358-0012A1435228}.Release|Any CPU.Build.0 = Release|Any CPU
	EndGlobalSection
	GlobalSection(SolutionProperties) = preSolution
		HideSolutionNode = FALSE
	EndGlobalSection
	GlobalSection(ExtensibilityGlobals) = postSolution
		SolutionGuid = {CAD8AC36-1B35-40C5-855A-0BD5C9259F1D}
	EndGlobalSection
EndGlobal
